
Microsoft Visual Studio Solution File, Format Version 12.00
# Visual Studio 14
VisualStudioVersion = 14.0.25420.1
MinimumVisualStudioVersion = 10.0.40219.1
Project("{FAE04EC0-301F-11D3-BF4B-00C04F79EFBC}") = "HomeWork", "HomeWork\HomeWork.csproj", "{70CCAF3C-2478-44A8-8645-D48980899B84}"
EndProject
Project("{FAE04EC0-301F-11D3-BF4B-00C04F79EFBC}") = "HomeWork2", "HomeWork2\HomeWork2.csproj", "{0746AB77-D27F-4E01-B6DC-ADFF15CB08EF}"
EndProject
Project("{FAE04EC0-301F-11D3-BF4B-00C04F79EFBC}") = "HomeWork3", "HomeWork3\HomeWork3.csproj", "{E2857CD3-EA66-412F-ABCE-E08A58127C51}"
EndProject
Project("{FAE04EC0-301F-11D3-BF4B-00C04F79EFBC}") = "HomeWork4", "HomeWork4\HomeWork4.csproj", "{CE0ED3DE-8A5D-4DA9-8C56-EBD902A1F3AA}"
EndProject
Project("{FAE04EC0-301F-11D3-BF4B-00C04F79EFBC}") = "HomeWork5", "HomeWork5\HomeWork5.csproj", "{F98D25E8-63D5-4356-97B5-266561765568}"
EndProject
Project("{FAE04EC0-301F-11D3-BF4B-00C04F79EFBC}") = "HomeWork6", "HomeWork6\HomeWork6.csproj", "{76E756CF-0831-4889-84A2-BBC1FC55E793}"
EndProject
Project("{FAE04EC0-301F-11D3-BF4B-00C04F79EFBC}") = "AdditionalTask", "AdditionalTask\AdditionalTask.csproj", "{632CD9DB-F1D2-4042-A84A-42C29F72B405}"
EndProject
Global
	GlobalSection(SolutionConfigurationPlatforms) = preSolution
		Debug|Any CPU = Debug|Any CPU
		Release|Any CPU = Release|Any CPU
	EndGlobalSection
	GlobalSection(ProjectConfigurationPlatforms) = postSolution
		{70CCAF3C-2478-44A8-8645-D48980899B84}.Debug|Any CPU.ActiveCfg = Debug|Any CPU
		{70CCAF3C-2478-44A8-8645-D48980899B84}.Debug|Any CPU.Build.0 = Debug|Any CPU
		{70CCAF3C-2478-44A8-8645-D48980899B84}.Release|Any CPU.ActiveCfg = Release|Any CPU
		{70CCAF3C-2478-44A8-8645-D48980899B84}.Release|Any CPU.Build.0 = Release|Any CPU
		{0746AB77-D27F-4E01-B6DC-ADFF15CB08EF}.Debug|Any CPU.ActiveCfg = Debug|Any CPU
		{0746AB77-D27F-4E01-B6DC-ADFF15CB08EF}.Debug|Any CPU.Build.0 = Debug|Any CPU
		{0746AB77-D27F-4E01-B6DC-ADFF15CB08EF}.Release|Any CPU.ActiveCfg = Release|Any CPU
		{0746AB77-D27F-4E01-B6DC-ADFF15CB08EF}.Release|Any CPU.Build.0 = Release|Any CPU
		{E2857CD3-EA66-412F-ABCE-E08A58127C51}.Debug|Any CPU.ActiveCfg = Debug|Any CPU
		{E2857CD3-EA66-412F-ABCE-E08A58127C51}.Debug|Any CPU.Build.0 = Debug|Any CPU
		{E2857CD3-EA66-412F-ABCE-E08A58127C51}.Release|Any CPU.ActiveCfg = Release|Any CPU
		{E2857CD3-EA66-412F-ABCE-E08A58127C51}.Release|Any CPU.Build.0 = Release|Any CPU
		{CE0ED3DE-8A5D-4DA9-8C56-EBD902A1F3AA}.Debug|Any CPU.ActiveCfg = Debug|Any CPU
		{CE0ED3DE-8A5D-4DA9-8C56-EBD902A1F3AA}.Debug|Any CPU.Build.0 = Debug|Any CPU
		{CE0ED3DE-8A5D-4DA9-8C56-EBD902A1F3AA}.Release|Any CPU.ActiveCfg = Release|Any CPU
		{CE0ED3DE-8A5D-4DA9-8C56-EBD902A1F3AA}.Release|Any CPU.Build.0 = Release|Any CPU
		{F98D25E8-63D5-4356-97B5-266561765568}.Debug|Any CPU.ActiveCfg = Debug|Any CPU
		{F98D25E8-63D5-4356-97B5-266561765568}.Debug|Any CPU.Build.0 = Debug|Any CPU
		{F98D25E8-63D5-4356-97B5-266561765568}.Release|Any CPU.ActiveCfg = Release|Any CPU
		{F98D25E8-63D5-4356-97B5-266561765568}.Release|Any CPU.Build.0 = Release|Any CPU
		{76E756CF-0831-4889-84A2-BBC1FC55E793}.Debug|Any CPU.ActiveCfg = Debug|Any CPU
		{76E756CF-0831-4889-84A2-BBC1FC55E793}.Debug|Any CPU.Build.0 = Debug|Any CPU
		{76E756CF-0831-4889-84A2-BBC1FC55E793}.Release|Any CPU.ActiveCfg = Release|Any CPU
		{76E756CF-0831-4889-84A2-BBC1FC55E793}.Release|Any CPU.Build.0 = Release|Any CPU
		{632CD9DB-F1D2-4042-A84A-42C29F72B405}.Debug|Any CPU.ActiveCfg = Debug|Any CPU
		{632CD9DB-F1D2-4042-A84A-42C29F72B405}.Debug|Any CPU.Build.0 = Debug|Any CPU
		{632CD9DB-F1D2-4042-A84A-42C29F72B405}.Release|Any CPU.ActiveCfg = Release|Any CPU
		{632CD9DB-F1D2-4042-A84A-42C29F72B405}.Release|Any CPU.Build.0 = Release|Any CPU
	EndGlobalSection
	GlobalSection(SolutionProperties) = preSolution
		HideSolutionNode = FALSE
	EndGlobalSection
EndGlobal
